
Microsoft Visual Studio Solution File, Format Version 12.00
# Visual Studio Version 17
VisualStudioVersion = 17.2.32616.157
MinimumVisualStudioVersion = 10.0.40219.1
Project("{9A19103F-16F7-4668-BE54-9A1E7A4F7556}") = "VendingMachine", "VendingMachine\VendingMachine.csproj", "{C5ABA18C-3321-403A-8718-F88EB2EC8EDF}"
EndProject
Global
	GlobalSection(SolutionConfigurationPlatforms) = preSolution
		Debug|Any CPU = Debug|Any CPU
		Release|Any CPU = Release|Any CPU
	EndGlobalSection
	GlobalSection(ProjectConfigurationPlatforms) = postSolution
		{C5ABA18C-3321-403A-8718-F88EB2EC8EDF}.Debug|Any CPU.ActiveCfg = Debug|Any CPU
		{C5ABA18C-3321-403A-8718-F88EB2EC8EDF}.Debug|Any CPU.Build.0 = Debug|Any CPU
		{C5ABA18C-3321-403A-8718-F88EB2EC8EDF}.Release|Any CPU.ActiveCfg = Release|Any CPU
		{C5ABA18C-3321-403A-8718-F88EB2EC8EDF}.Release|Any CPU.Build.0 = Release|Any CPU
	EndGlobalSection
	GlobalSection(SolutionProperties) = preSolution
		HideSolutionNode = FALSE
	EndGlobalSection
	GlobalSection(ExtensibilityGlobals) = postSolution
		SolutionGuid = {E132205C-39F7-4AF7-A686-EB20EEC71D92}
	EndGlobalSection
EndGlobal
